
Microsoft Visual Studio Solution File, Format Version 12.00
# Visual Studio Version 17
VisualStudioVersion = 17.13.35931.197 d17.13
MinimumVisualStudioVersion = 10.0.40219.1
Project("{FAE04EC0-301F-11D3-BF4B-00C04F79EFBC}") = "Marketplace", "Marketplace.csproj", "{F5B82C25-A416-4684-AF7C-D00971121B88}"
EndProject
Project("{FAE04EC0-301F-11D3-BF4B-00C04F79EFBC}") = "Marketplace.BusinessLogic", "..\Marketplace.BusinessLogic\Marketplace.BusinessLogic.csproj", "{721ECE33-DFCB-45CE-90F4-BA1A7B4D2EA5}"
EndProject
Project("{FAE04EC0-301F-11D3-BF4B-00C04F79EFBC}") = "Marketplace.Tests", "..\Marketplace.Tests\Marketplace.Tests.csproj", "{D45E63A1-9996-44B1-A61D-DDE74E399A63}"
EndProject
Global
	GlobalSection(SolutionConfigurationPlatforms) = preSolution
		Debug|Any CPU = Debug|Any CPU
		Release|Any CPU = Release|Any CPU
	EndGlobalSection
	GlobalSection(ProjectConfigurationPlatforms) = postSolution
		{F5B82C25-A416-4684-AF7C-D00971121B88}.Debug|Any CPU.ActiveCfg = Debug|Any CPU
		{F5B82C25-A416-4684-AF7C-D00971121B88}.Debug|Any CPU.Build.0 = Debug|Any CPU
		{F5B82C25-A416-4684-AF7C-D00971121B88}.Release|Any CPU.ActiveCfg = Release|Any CPU
		{F5B82C25-A416-4684-AF7C-D00971121B88}.Release|Any CPU.Build.0 = Release|Any CPU
		{721ECE33-DFCB-45CE-90F4-BA1A7B4D2EA5}.Debug|Any CPU.ActiveCfg = Debug|Any CPU
		{721ECE33-DFCB-45CE-90F4-BA1A7B4D2EA5}.Debug|Any CPU.Build.0 = Debug|Any CPU
		{721ECE33-DFCB-45CE-90F4-BA1A7B4D2EA5}.Release|Any CPU.ActiveCfg = Release|Any CPU
		{721ECE33-DFCB-45CE-90F4-BA1A7B4D2EA5}.Release|Any CPU.Build.0 = Release|Any CPU
		{D45E63A1-9996-44B1-A61D-DDE74E399A63}.Debug|Any CPU.ActiveCfg = Debug|Any CPU
		{D45E63A1-9996-44B1-A61D-DDE74E399A63}.Debug|Any CPU.Build.0 = Debug|Any CPU
		{D45E63A1-9996-44B1-A61D-DDE74E399A63}.Release|Any CPU.ActiveCfg = Release|Any CPU
		{D45E63A1-9996-44B1-A61D-DDE74E399A63}.Release|Any CPU.Build.0 = Release|Any CPU
	EndGlobalSection
	GlobalSection(SolutionProperties) = preSolution
		HideSolutionNode = FALSE
	EndGlobalSection
	GlobalSection(ExtensibilityGlobals) = postSolution
		SolutionGuid = {85EEFBFF-B679-4693-8C60-C57313420042}
	EndGlobalSection
EndGlobal
